{
  "requires": true,
  "lockfileVersion": 1,
  "dependencies": {
    "vue-cookies": {
      "version": "1.7.0",
      "resolved": "https://registry.npmjs.org/vue-cookies/-/vue-cookies-1.7.0.tgz",
      "integrity": "sha512-vuEUm6wYMMrFAHFCrkzIUAy8+MgPAbBGmYXnk2M6X6O2KHbMT1wuDD2izacmsSUp6ZM02e23MJRtPRobl88VMg=="
    },
    "vue-material": {
      "version": "1.0.0-beta-11",
      "resolved": "https://registry.npmjs.org/vue-material/-/vue-material-1.0.0-beta-11.tgz",
      "integrity": "sha512-1+dIVkQafMIA/zNONb7OwGaTjAxaWk/JhUA2/FInQvbArxf1ToKB+yIdeSfzopQ1KICnBTAmk9E0Vdr5p4MWNA=="
    }
  }
}
